Microsoft Visual Studio Solution File, Format Version 12.00
# Visual Studio Version 17
VisualStudioVersion = 17.5.2.0
MinimumVisualStudioVersion = 10.0.40219.1
Project("{2150E333-8FDC-42A3-9474-1A3956D46DE8}") = "contracts", "contracts", "{A73F2606-6D4C-3EEE-1759-0E59DCFEF523}"
EndProject
Project("{2150E333-8FDC-42A3-9474-1A3956D46DE8}") = "multi-tenant-nft-platform", "multi-tenant-nft-platform", "{D0642B25-B5E2-868C-EFE8-99700BBD6D59}"
EndProject
Project("{FAE04EC0-301F-11D3-BF4B-00C04F79EFBC}") = "MultiTenantNftPlatform", "contracts\multi-tenant-nft-platform\MultiTenantNftPlatform.csproj", "{B8C2ABE8-DDA4-B0E1-1811-3A1ECC21BD74}"
EndProject
Global
	GlobalSection(SolutionConfigurationPlatforms) = preSolution
		Debug|Any CPU = Debug|Any CPU
		Release|Any CPU = Release|Any CPU
	EndGlobalSection
	GlobalSection(ProjectConfigurationPlatforms) = postSolution
		{B8C2ABE8-DDA4-B0E1-1811-3A1ECC21BD74}.Debug|Any CPU.ActiveCfg = Debug|Any CPU
		{B8C2ABE8-DDA4-B0E1-1811-3A1ECC21BD74}.Debug|Any CPU.Build.0 = Debug|Any CPU
		{B8C2ABE8-DDA4-B0E1-1811-3A1ECC21BD74}.Release|Any CPU.ActiveCfg = Release|Any CPU
		{B8C2ABE8-DDA4-B0E1-1811-3A1ECC21BD74}.Release|Any CPU.Build.0 = Release|Any CPU
	EndGlobalSection
	GlobalSection(SolutionProperties) = preSolution
		HideSolutionNode = FALSE
	EndGlobalSection
	GlobalSection(NestedProjects) = preSolution
		{D0642B25-B5E2-868C-EFE8-99700BBD6D59} = {A73F2606-6D4C-3EEE-1759-0E59DCFEF523}
		{B8C2ABE8-DDA4-B0E1-1811-3A1ECC21BD74} = {D0642B25-B5E2-868C-EFE8-99700BBD6D59}
	EndGlobalSection
	GlobalSection(ExtensibilityGlobals) = postSolution
		SolutionGuid = {B97AEE1F-EA2D-46B0-940D-59671560B0A3}
	EndGlobalSection
EndGlobal
